
Microsoft Visual Studio Solution File, Format Version 12.00
# Visual Studio 14
VisualStudioVersion = 14.0.25420.1
MinimumVisualStudioVersion = 10.0.40219.1
Project("{FAE04EC0-301F-11D3-BF4B-00C04F79EFBC}") = "ConsoleMenu", "ConsoleMenu\ConsoleMenu.csproj", "{1CFC3086-31F4-4939-9EE4-8F1FD099C030}"
EndProject
Project("{FAE04EC0-301F-11D3-BF4B-00C04F79EFBC}") = "ConsoleMenu.Sample", "ConsoleMenu.Sample\ConsoleMenu.Sample.csproj", "{FED79C36-FD58-4DBE-AD75-0D7A5E7A15FF}"
EndProject
Project("{2150E333-8FDC-42A3-9474-1A3956D46DE8}") = "Solution Items", "Solution Items", "{F20B2B36-8D73-465E-A8DC-25ACB6C9BB2C}"
	ProjectSection(SolutionItems) = preProject
		.travis.yml = .travis.yml
		LICENSE = LICENSE
		menu-icon-4.png = menu-icon-4.png
		package.cmd = package.cmd
		README.md = README.md
	EndProjectSection
EndProject
Global
	GlobalSection(SolutionConfigurationPlatforms) = preSolution
		Debug|Any CPU = Debug|Any CPU
		Release|Any CPU = Release|Any CPU
	EndGlobalSection
	GlobalSection(ProjectConfigurationPlatforms) = postSolution
		{1CFC3086-31F4-4939-9EE4-8F1FD099C030}.Debug|Any CPU.ActiveCfg = Debug|Any CPU
		{1CFC3086-31F4-4939-9EE4-8F1FD099C030}.Debug|Any CPU.Build.0 = Debug|Any CPU
		{1CFC3086-31F4-4939-9EE4-8F1FD099C030}.Release|Any CPU.ActiveCfg = Release|Any CPU
		{1CFC3086-31F4-4939-9EE4-8F1FD099C030}.Release|Any CPU.Build.0 = Release|Any CPU
		{FED79C36-FD58-4DBE-AD75-0D7A5E7A15FF}.Debug|Any CPU.ActiveCfg = Debug|Any CPU
		{FED79C36-FD58-4DBE-AD75-0D7A5E7A15FF}.Debug|Any CPU.Build.0 = Debug|Any CPU
		{FED79C36-FD58-4DBE-AD75-0D7A5E7A15FF}.Release|Any CPU.ActiveCfg = Release|Any CPU
		{FED79C36-FD58-4DBE-AD75-0D7A5E7A15FF}.Release|Any CPU.Build.0 = Release|Any CPU
	EndGlobalSection
	GlobalSection(SolutionProperties) = preSolution
		HideSolutionNode = FALSE
	EndGlobalSection
EndGlobal
